
Microsoft Visual Studio Solution File, Format Version 12.00
# Visual Studio Version 17
VisualStudioVersion = 17.1.32328.378
MinimumVisualStudioVersion = 10.0.40219.1
Project("{FAE04EC0-301F-11D3-BF4B-00C04F79EFBC}") = "LeapYear", "LeapYear.csproj", "{2DF32297-BFC5-4525-AC88-B1DD1B75E60A}"
EndProject
Global
	GlobalSection(SolutionConfigurationPlatforms) = preSolution
		Debug|Any CPU = Debug|Any CPU
		Release|Any CPU = Release|Any CPU
	EndGlobalSection
	GlobalSection(ProjectConfigurationPlatforms) = postSolution
		{2DF32297-BFC5-4525-AC88-B1DD1B75E60A}.Debug|Any CPU.ActiveCfg = Debug|Any CPU
		{2DF32297-BFC5-4525-AC88-B1DD1B75E60A}.Debug|Any CPU.Build.0 = Debug|Any CPU
		{2DF32297-BFC5-4525-AC88-B1DD1B75E60A}.Release|Any CPU.ActiveCfg = Release|Any CPU
		{2DF32297-BFC5-4525-AC88-B1DD1B75E60A}.Release|Any CPU.Build.0 = Release|Any CPU
	EndGlobalSection
	GlobalSection(SolutionProperties) = preSolution
		HideSolutionNode = FALSE
	EndGlobalSection
	GlobalSection(ExtensibilityGlobals) = postSolution
		SolutionGuid = {A66499E0-4992-4F7E-AB20-BDC75DFC0B6B}
	EndGlobalSection
EndGlobal
